
Microsoft Visual Studio Solution File, Format Version 12.00
# Visual Studio Version 17
VisualStudioVersion = 17.4.33205.214
MinimumVisualStudioVersion = 10.0.40219.1
Project("{8BC9CEB8-8B4A-11D0-8D11-00A0C91BC942}") = "백준 14659번", "백준 14659번\백준 14659번.vcxproj", "{44128159-C463-402C-A6D2-1C5C485A3B79}"
EndProject
Project("{8BC9CEB8-8B4A-11D0-8D11-00A0C91BC942}") = "백준 14659번 확인", "백준 14659번 확인\백준 14659번 확인.vcxproj", "{511DD36C-9C5B-4B69-A824-B531657E4941}"
EndProject
Global
	GlobalSection(SolutionConfigurationPlatforms) = preSolution
		Debug|x64 = Debug|x64
		Debug|x86 = Debug|x86
		Release|x64 = Release|x64
		Release|x86 = Release|x86
	EndGlobalSection
	GlobalSection(ProjectConfigurationPlatforms) = postSolution
		{44128159-C463-402C-A6D2-1C5C485A3B79}.Debug|x64.ActiveCfg = Debug|x64
		{44128159-C463-402C-A6D2-1C5C485A3B79}.Debug|x64.Build.0 = Debug|x64
		{44128159-C463-402C-A6D2-1C5C485A3B79}.Debug|x86.ActiveCfg = Debug|Win32
		{44128159-C463-402C-A6D2-1C5C485A3B79}.Debug|x86.Build.0 = Debug|Win32
		{44128159-C463-402C-A6D2-1C5C485A3B79}.Release|x64.ActiveCfg = Release|x64
		{44128159-C463-402C-A6D2-1C5C485A3B79}.Release|x64.Build.0 = Release|x64
		{44128159-C463-402C-A6D2-1C5C485A3B79}.Release|x86.ActiveCfg = Release|Win32
		{44128159-C463-402C-A6D2-1C5C485A3B79}.Release|x86.Build.0 = Release|Win32
		{511DD36C-9C5B-4B69-A824-B531657E4941}.Debug|x64.ActiveCfg = Debug|x64
		{511DD36C-9C5B-4B69-A824-B531657E4941}.Debug|x64.Build.0 = Debug|x64
		{511DD36C-9C5B-4B69-A824-B531657E4941}.Debug|x86.ActiveCfg = Debug|Win32
		{511DD36C-9C5B-4B69-A824-B531657E4941}.Debug|x86.Build.0 = Debug|Win32
		{511DD36C-9C5B-4B69-A824-B531657E4941}.Release|x64.ActiveCfg = Release|x64
		{511DD36C-9C5B-4B69-A824-B531657E4941}.Release|x64.Build.0 = Release|x64
		{511DD36C-9C5B-4B69-A824-B531657E4941}.Release|x86.ActiveCfg = Release|Win32
		{511DD36C-9C5B-4B69-A824-B531657E4941}.Release|x86.Build.0 = Release|Win32
	EndGlobalSection
	GlobalSection(SolutionProperties) = preSolution
		HideSolutionNode = FALSE
	EndGlobalSection
	GlobalSection(ExtensibilityGlobals) = postSolution
		SolutionGuid = {BCCC6A84-B47A-413A-8765-C3A6FD80C853}
	EndGlobalSection
EndGlobal
