
Microsoft Visual Studio Solution File, Format Version 12.00
# Visual Studio Version 17
VisualStudioVersion = 17.14.36408.4 d17.14
MinimumVisualStudioVersion = 10.0.40219.1
Project("{8BC9CEB8-8B4A-11D0-8D11-00A0C91BC942}") = "BOJ_18870_CPP", "BOJ_18870_CPP\BOJ_18870_CPP.vcxproj", "{E7AF783A-EC5B-4054-BECF-6AD1AFA51453}"
EndProject
Global
	GlobalSection(SolutionConfigurationPlatforms) = preSolution
		Debug|x64 = Debug|x64
		Debug|x86 = Debug|x86
		Release|x64 = Release|x64
		Release|x86 = Release|x86
	EndGlobalSection
	GlobalSection(ProjectConfigurationPlatforms) = postSolution
		{E7AF783A-EC5B-4054-BECF-6AD1AFA51453}.Debug|x64.ActiveCfg = Debug|x64
		{E7AF783A-EC5B-4054-BECF-6AD1AFA51453}.Debug|x64.Build.0 = Debug|x64
		{E7AF783A-EC5B-4054-BECF-6AD1AFA51453}.Debug|x86.ActiveCfg = Debug|Win32
		{E7AF783A-EC5B-4054-BECF-6AD1AFA51453}.Debug|x86.Build.0 = Debug|Win32
		{E7AF783A-EC5B-4054-BECF-6AD1AFA51453}.Release|x64.ActiveCfg = Release|x64
		{E7AF783A-EC5B-4054-BECF-6AD1AFA51453}.Release|x64.Build.0 = Release|x64
		{E7AF783A-EC5B-4054-BECF-6AD1AFA51453}.Release|x86.ActiveCfg = Release|Win32
		{E7AF783A-EC5B-4054-BECF-6AD1AFA51453}.Release|x86.Build.0 = Release|Win32
	EndGlobalSection
	GlobalSection(SolutionProperties) = preSolution
		HideSolutionNode = FALSE
	EndGlobalSection
	GlobalSection(ExtensibilityGlobals) = postSolution
		SolutionGuid = {4A60020C-2252-446C-A2CF-A05EFE46B42A}
	EndGlobalSection
EndGlobal
