
Microsoft Visual Studio Solution File, Format Version 12.00
# Visual Studio Version 17
VisualStudioVersion = 17.14.36408.4 d17.14
MinimumVisualStudioVersion = 10.0.40219.1
Project("{8BC9CEB8-8B4A-11D0-8D11-00A0C91BC942}") = "BOJ_11053_CPP", "BOJ_11053_CPP\BOJ_11053_CPP.vcxproj", "{519A1A4F-DAD6-4A6F-B260-9AF03AD7DB44}"
EndProject
Global
	GlobalSection(SolutionConfigurationPlatforms) = preSolution
		Debug|x64 = Debug|x64
		Debug|x86 = Debug|x86
		Release|x64 = Release|x64
		Release|x86 = Release|x86
	EndGlobalSection
	GlobalSection(ProjectConfigurationPlatforms) = postSolution
		{519A1A4F-DAD6-4A6F-B260-9AF03AD7DB44}.Debug|x64.ActiveCfg = Debug|x64
		{519A1A4F-DAD6-4A6F-B260-9AF03AD7DB44}.Debug|x64.Build.0 = Debug|x64
		{519A1A4F-DAD6-4A6F-B260-9AF03AD7DB44}.Debug|x86.ActiveCfg = Debug|Win32
		{519A1A4F-DAD6-4A6F-B260-9AF03AD7DB44}.Debug|x86.Build.0 = Debug|Win32
		{519A1A4F-DAD6-4A6F-B260-9AF03AD7DB44}.Release|x64.ActiveCfg = Release|x64
		{519A1A4F-DAD6-4A6F-B260-9AF03AD7DB44}.Release|x64.Build.0 = Release|x64
		{519A1A4F-DAD6-4A6F-B260-9AF03AD7DB44}.Release|x86.ActiveCfg = Release|Win32
		{519A1A4F-DAD6-4A6F-B260-9AF03AD7DB44}.Release|x86.Build.0 = Release|Win32
	EndGlobalSection
	GlobalSection(SolutionProperties) = preSolution
		HideSolutionNode = FALSE
	EndGlobalSection
	GlobalSection(ExtensibilityGlobals) = postSolution
		SolutionGuid = {7918170D-74BA-4F88-AC45-17429868858E}
	EndGlobalSection
EndGlobal
