
Microsoft Visual Studio Solution File, Format Version 12.00
# Visual Studio Version 17
VisualStudioVersion = 17.12.35527.113 d17.12
MinimumVisualStudioVersion = 10.0.40219.1
Project("{8BC9CEB8-8B4A-11D0-8D11-00A0C91BC942}") = "1406_BOJ_CPP", "1406_BOJ_CPP\1406_BOJ_CPP.vcxproj", "{2866115F-3D2C-41B5-ACC9-40F3B0EB1204}"
EndProject
Global
	GlobalSection(SolutionConfigurationPlatforms) = preSolution
		Debug|x64 = Debug|x64
		Debug|x86 = Debug|x86
		Release|x64 = Release|x64
		Release|x86 = Release|x86
	EndGlobalSection
	GlobalSection(ProjectConfigurationPlatforms) = postSolution
		{2866115F-3D2C-41B5-ACC9-40F3B0EB1204}.Debug|x64.ActiveCfg = Debug|x64
		{2866115F-3D2C-41B5-ACC9-40F3B0EB1204}.Debug|x64.Build.0 = Debug|x64
		{2866115F-3D2C-41B5-ACC9-40F3B0EB1204}.Debug|x86.ActiveCfg = Debug|Win32
		{2866115F-3D2C-41B5-ACC9-40F3B0EB1204}.Debug|x86.Build.0 = Debug|Win32
		{2866115F-3D2C-41B5-ACC9-40F3B0EB1204}.Release|x64.ActiveCfg = Release|x64
		{2866115F-3D2C-41B5-ACC9-40F3B0EB1204}.Release|x64.Build.0 = Release|x64
		{2866115F-3D2C-41B5-ACC9-40F3B0EB1204}.Release|x86.ActiveCfg = Release|Win32
		{2866115F-3D2C-41B5-ACC9-40F3B0EB1204}.Release|x86.Build.0 = Release|Win32
	EndGlobalSection
	GlobalSection(SolutionProperties) = preSolution
		HideSolutionNode = FALSE
	EndGlobalSection
EndGlobal
